
Microsoft Visual Studio Solution File, Format Version 12.00
# Visual Studio Version 17
VisualStudioVersion = 17.1.32421.90
MinimumVisualStudioVersion = 10.0.40219.1
Project("{FAE04EC0-301F-11D3-BF4B-00C04F79EFBC}") = "Hello", "Hello\Hello.csproj", "{0D1E176E-EB4F-47DB-94A1-FB2A2E791456}"
EndProject
Global
	GlobalSection(SolutionConfigurationPlatforms) = preSolution
		Debug|Any CPU = Debug|Any CPU
		Release|Any CPU = Release|Any CPU
	EndGlobalSection
	GlobalSection(ProjectConfigurationPlatforms) = postSolution
		{0D1E176E-EB4F-47DB-94A1-FB2A2E791456}.Debug|Any CPU.ActiveCfg = Debug|Any CPU
		{0D1E176E-EB4F-47DB-94A1-FB2A2E791456}.Debug|Any CPU.Build.0 = Debug|Any CPU
		{0D1E176E-EB4F-47DB-94A1-FB2A2E791456}.Release|Any CPU.ActiveCfg = Release|Any CPU
		{0D1E176E-EB4F-47DB-94A1-FB2A2E791456}.Release|Any CPU.Build.0 = Release|Any CPU
	EndGlobalSection
	GlobalSection(SolutionProperties) = preSolution
		HideSolutionNode = FALSE
	EndGlobalSection
	GlobalSection(ExtensibilityGlobals) = postSolution
		SolutionGuid = {AE404780-58BF-4805-8F55-21788D090687}
	EndGlobalSection
EndGlobal
